
Microsoft Visual Studio Solution File, Format Version 12.00
# Visual Studio Version 17
VisualStudioVersion = 17.0.31903.59
MinimumVisualStudioVersion = 10.0.40219.1
Project("{FAE04EC0-301F-11D3-BF4B-00C04F79EFBC}") = "LibreriaAtenas.Api", "LibreriaAtenas.Api\LibreriaAtenas.Api.csproj", "{D42D124B-E007-4076-AEFC-D52F7BC853AF}"
EndProject
Project("{FAE04EC0-301F-11D3-BF4B-00C04F79EFBC}") = "LibreriaAtenas.Domain", "LibreriaAtenas.Domain\LibreriaAtenas.Domain.csproj", "{DF4673D1-D88C-453E-B887-04F59EDA3260}"
EndProject
Project("{FAE04EC0-301F-11D3-BF4B-00C04F79EFBC}") = "LibreriaAtenas.Application", "LibreriaAtenas.Application\LibreriaAtenas.Application.csproj", "{5DD1EDE7-C273-4B44-87D8-F10842AAFFF3}"
EndProject
Project("{FAE04EC0-301F-11D3-BF4B-00C04F79EFBC}") = "LibreriaAtenas.Infrastructure", "LibreriaAtenas.Infrastructure\LibreriaAtenas.Infrastructure.csproj", "{F3A633B2-7028-4D45-A9FD-75A49DCC4819}"
EndProject
Project("{FAE04EC0-301F-11D3-BF4B-00C04F79EFBC}") = "LibreriaAtenas.Persistence", "LibreriaAtenas.Persistence\LibreriaAtenas.Persistence.csproj", "{966415FF-DD93-488A-A899-0E022D5B51E0}"
EndProject
Project("{FAE04EC0-301F-11D3-BF4B-00C04F79EFBC}") = "LibreriaAtenas.Tests", "LibreriaAtenas.Tests\LibreriaAtenas.Tests.csproj", "{618D7AC3-68F1-492B-AB1B-BC8A376234F4}"
EndProject
Global
	GlobalSection(SolutionConfigurationPlatforms) = preSolution
		Debug|Any CPU = Debug|Any CPU
		Debug|x64 = Debug|x64
		Debug|x86 = Debug|x86
		Release|Any CPU = Release|Any CPU
		Release|x64 = Release|x64
		Release|x86 = Release|x86
	EndGlobalSection
	GlobalSection(ProjectConfigurationPlatforms) = postSolution
		{D42D124B-E007-4076-AEFC-D52F7BC853AF}.Debug|Any CPU.ActiveCfg = Debug|Any CPU
		{D42D124B-E007-4076-AEFC-D52F7BC853AF}.Debug|Any CPU.Build.0 = Debug|Any CPU
		{D42D124B-E007-4076-AEFC-D52F7BC853AF}.Debug|x64.ActiveCfg = Debug|Any CPU
		{D42D124B-E007-4076-AEFC-D52F7BC853AF}.Debug|x64.Build.0 = Debug|Any CPU
		{D42D124B-E007-4076-AEFC-D52F7BC853AF}.Debug|x86.ActiveCfg = Debug|Any CPU
		{D42D124B-E007-4076-AEFC-D52F7BC853AF}.Debug|x86.Build.0 = Debug|Any CPU
		{D42D124B-E007-4076-AEFC-D52F7BC853AF}.Release|Any CPU.ActiveCfg = Release|Any CPU
		{D42D124B-E007-4076-AEFC-D52F7BC853AF}.Release|Any CPU.Build.0 = Release|Any CPU
		{D42D124B-E007-4076-AEFC-D52F7BC853AF}.Release|x64.ActiveCfg = Release|Any CPU
		{D42D124B-E007-4076-AEFC-D52F7BC853AF}.Release|x64.Build.0 = Release|Any CPU
		{D42D124B-E007-4076-AEFC-D52F7BC853AF}.Release|x86.ActiveCfg = Release|Any CPU
		{D42D124B-E007-4076-AEFC-D52F7BC853AF}.Release|x86.Build.0 = Release|Any CPU
		{DF4673D1-D88C-453E-B887-04F59EDA3260}.Debug|Any CPU.ActiveCfg = Debug|Any CPU
		{DF4673D1-D88C-453E-B887-04F59EDA3260}.Debug|Any CPU.Build.0 = Debug|Any CPU
		{DF4673D1-D88C-453E-B887-04F59EDA3260}.Debug|x64.ActiveCfg = Debug|Any CPU
		{DF4673D1-D88C-453E-B887-04F59EDA3260}.Debug|x64.Build.0 = Debug|Any CPU
		{DF4673D1-D88C-453E-B887-04F59EDA3260}.Debug|x86.ActiveCfg = Debug|Any CPU
		{DF4673D1-D88C-453E-B887-04F59EDA3260}.Debug|x86.Build.0 = Debug|Any CPU
		{DF4673D1-D88C-453E-B887-04F59EDA3260}.Release|Any CPU.ActiveCfg = Release|Any CPU
		{DF4673D1-D88C-453E-B887-04F59EDA3260}.Release|Any CPU.Build.0 = Release|Any CPU
		{DF4673D1-D88C-453E-B887-04F59EDA3260}.Release|x64.ActiveCfg = Release|Any CPU
		{DF4673D1-D88C-453E-B887-04F59EDA3260}.Release|x64.Build.0 = Release|Any CPU
		{DF4673D1-D88C-453E-B887-04F59EDA3260}.Release|x86.ActiveCfg = Release|Any CPU
		{DF4673D1-D88C-453E-B887-04F59EDA3260}.Release|x86.Build.0 = Release|Any CPU
		{5DD1EDE7-C273-4B44-87D8-F10842AAFFF3}.Debug|Any CPU.ActiveCfg = Debug|Any CPU
		{5DD1EDE7-C273-4B44-87D8-F10842AAFFF3}.Debug|Any CPU.Build.0 = Debug|Any CPU
		{5DD1EDE7-C273-4B44-87D8-F10842AAFFF3}.Debug|x64.ActiveCfg = Debug|Any CPU
		{5DD1EDE7-C273-4B44-87D8-F10842AAFFF3}.Debug|x64.Build.0 = Debug|Any CPU
		{5DD1EDE7-C273-4B44-87D8-F10842AAFFF3}.Debug|x86.ActiveCfg = Debug|Any CPU
		{5DD1EDE7-C273-4B44-87D8-F10842AAFFF3}.Debug|x86.Build.0 = Debug|Any CPU
		{5DD1EDE7-C273-4B44-87D8-F10842AAFFF3}.Release|Any CPU.ActiveCfg = Release|Any CPU
		{5DD1EDE7-C273-4B44-87D8-F10842AAFFF3}.Release|Any CPU.Build.0 = Release|Any CPU
		{5DD1EDE7-C273-4B44-87D8-F10842AAFFF3}.Release|x64.ActiveCfg = Release|Any CPU
		{5DD1EDE7-C273-4B44-87D8-F10842AAFFF3}.Release|x64.Build.0 = Release|Any CPU
		{5DD1EDE7-C273-4B44-87D8-F10842AAFFF3}.Release|x86.ActiveCfg = Release|Any CPU
		{5DD1EDE7-C273-4B44-87D8-F10842AAFFF3}.Release|x86.Build.0 = Release|Any CPU
		{F3A633B2-7028-4D45-A9FD-75A49DCC4819}.Debug|Any CPU.ActiveCfg = Debug|Any CPU
		{F3A633B2-7028-4D45-A9FD-75A49DCC4819}.Debug|Any CPU.Build.0 = Debug|Any CPU
		{F3A633B2-7028-4D45-A9FD-75A49DCC4819}.Debug|x64.ActiveCfg = Debug|Any CPU
		{F3A633B2-7028-4D45-A9FD-75A49DCC4819}.Debug|x64.Build.0 = Debug|Any CPU
		{F3A633B2-7028-4D45-A9FD-75A49DCC4819}.Debug|x86.ActiveCfg = Debug|Any CPU
		{F3A633B2-7028-4D45-A9FD-75A49DCC4819}.Debug|x86.Build.0 = Debug|Any CPU
		{F3A633B2-7028-4D45-A9FD-75A49DCC4819}.Release|Any CPU.ActiveCfg = Release|Any CPU
		{F3A633B2-7028-4D45-A9FD-75A49DCC4819}.Release|Any CPU.Build.0 = Release|Any CPU
		{F3A633B2-7028-4D45-A9FD-75A49DCC4819}.Release|x64.ActiveCfg = Release|Any CPU
		{F3A633B2-7028-4D45-A9FD-75A49DCC4819}.Release|x64.Build.0 = Release|Any CPU
		{F3A633B2-7028-4D45-A9FD-75A49DCC4819}.Release|x86.ActiveCfg = Release|Any CPU
		{F3A633B2-7028-4D45-A9FD-75A49DCC4819}.Release|x86.Build.0 = Release|Any CPU
		{966415FF-DD93-488A-A899-0E022D5B51E0}.Debug|Any CPU.ActiveCfg = Debug|Any CPU
		{966415FF-DD93-488A-A899-0E022D5B51E0}.Debug|Any CPU.Build.0 = Debug|Any CPU
		{966415FF-DD93-488A-A899-0E022D5B51E0}.Debug|x64.ActiveCfg = Debug|Any CPU
		{966415FF-DD93-488A-A899-0E022D5B51E0}.Debug|x64.Build.0 = Debug|Any CPU
		{966415FF-DD93-488A-A899-0E022D5B51E0}.Debug|x86.ActiveCfg = Debug|Any CPU
		{966415FF-DD93-488A-A899-0E022D5B51E0}.Debug|x86.Build.0 = Debug|Any CPU
		{966415FF-DD93-488A-A899-0E022D5B51E0}.Release|Any CPU.ActiveCfg = Release|Any CPU
		{966415FF-DD93-488A-A899-0E022D5B51E0}.Release|Any CPU.Build.0 = Release|Any CPU
		{966415FF-DD93-488A-A899-0E022D5B51E0}.Release|x64.ActiveCfg = Release|Any CPU
		{966415FF-DD93-488A-A899-0E022D5B51E0}.Release|x64.Build.0 = Release|Any CPU
		{966415FF-DD93-488A-A899-0E022D5B51E0}.Release|x86.ActiveCfg = Release|Any CPU
		{966415FF-DD93-488A-A899-0E022D5B51E0}.Release|x86.Build.0 = Release|Any CPU
		{618D7AC3-68F1-492B-AB1B-BC8A376234F4}.Debug|Any CPU.ActiveCfg = Debug|Any CPU
		{618D7AC3-68F1-492B-AB1B-BC8A376234F4}.Debug|Any CPU.Build.0 = Debug|Any CPU
		{618D7AC3-68F1-492B-AB1B-BC8A376234F4}.Debug|x64.ActiveCfg = Debug|Any CPU
		{618D7AC3-68F1-492B-AB1B-BC8A376234F4}.Debug|x64.Build.0 = Debug|Any CPU
		{618D7AC3-68F1-492B-AB1B-BC8A376234F4}.Debug|x86.ActiveCfg = Debug|Any CPU
		{618D7AC3-68F1-492B-AB1B-BC8A376234F4}.Debug|x86.Build.0 = Debug|Any CPU
		{618D7AC3-68F1-492B-AB1B-BC8A376234F4}.Release|Any CPU.ActiveCfg = Release|Any CPU
		{618D7AC3-68F1-492B-AB1B-BC8A376234F4}.Release|Any CPU.Build.0 = Release|Any CPU
		{618D7AC3-68F1-492B-AB1B-BC8A376234F4}.Release|x64.ActiveCfg = Release|Any CPU
		{618D7AC3-68F1-492B-AB1B-BC8A376234F4}.Release|x64.Build.0 = Release|Any CPU
		{618D7AC3-68F1-492B-AB1B-BC8A376234F4}.Release|x86.ActiveCfg = Release|Any CPU
		{618D7AC3-68F1-492B-AB1B-BC8A376234F4}.Release|x86.Build.0 = Release|Any CPU
	EndGlobalSection
	GlobalSection(SolutionProperties) = preSolution
		HideSolutionNode = FALSE
	EndGlobalSection
EndGlobal
